
Microsoft Visual Studio Solution File, Format Version 12.00
# TcXaeShell Solution File, Format Version 11.00
VisualStudioVersion = 15.0.28307.1300
MinimumVisualStudioVersion = 10.0.40219.1
Project("{B1E792BE-AA5F-4E3C-8C82-674BF9C0715B}") = "REFLEX_3000_TSM", "REFLEX_3000_TSM\REFLEX_3000_TSM.tsproj", "{B0E58B06-1B0F-4283-8486-7886944C89A0}"
EndProject
Project("{23D6B0B7-CBAA-4070-A2AF-F2FCE2506A3D}") = "REFLEX_3000_DM2", "REFLEX_3000_DM2\REFLEX_3000_DM2.tcdmproj", "{B2F6F5F2-EDFE-498D-BCB2-D34839F946C0}"
EndProject
Project("{FD9F1D59-E000-42F3-8744-88DE1BE93C06}") = "REFLEX_3000_SCOPE", "REFLEX_3000_SCOPE\REFLEX_3000_SCOPE.tcmproj", "{7C5F3048-E54C-486B-88B4-53750162EEF6}"
EndProject
Global
	GlobalSection(SolutionConfigurationPlatforms) = preSolution
		Debug|TwinCAT CE7 (ARMV7) = Debug|TwinCAT CE7 (ARMV7)
		Debug|TwinCAT OS (ARMT2) = Debug|TwinCAT OS (ARMT2)
		Debug|TwinCAT RT (x64) = Debug|TwinCAT RT (x64)
		Debug|TwinCAT RT (x86) = Debug|TwinCAT RT (x86)
		Release|TwinCAT CE7 (ARMV7) = Release|TwinCAT CE7 (ARMV7)
		Release|TwinCAT OS (ARMT2) = Release|TwinCAT OS (ARMT2)
		Release|TwinCAT RT (x64) = Release|TwinCAT RT (x64)
		Release|TwinCAT RT (x86) = Release|TwinCAT RT (x86)
	EndGlobalSection
	GlobalSection(ProjectConfigurationPlatforms) = postSolution
		{B0E58B06-1B0F-4283-8486-7886944C89A0}.Debug|TwinCAT CE7 (ARMV7).ActiveCfg = Debug|TwinCAT CE7 (ARMV7)
		{B0E58B06-1B0F-4283-8486-7886944C89A0}.Debug|TwinCAT CE7 (ARMV7).Build.0 = Debug|TwinCAT CE7 (ARMV7)
		{B0E58B06-1B0F-4283-8486-7886944C89A0}.Debug|TwinCAT OS (ARMT2).ActiveCfg = Debug|TwinCAT OS (ARMT2)
		{B0E58B06-1B0F-4283-8486-7886944C89A0}.Debug|TwinCAT OS (ARMT2).Build.0 = Debug|TwinCAT OS (ARMT2)
		{B0E58B06-1B0F-4283-8486-7886944C89A0}.Debug|TwinCAT RT (x64).ActiveCfg = Debug|TwinCAT RT (x64)
		{B0E58B06-1B0F-4283-8486-7886944C89A0}.Debug|TwinCAT RT (x64).Build.0 = Debug|TwinCAT RT (x64)
		{B0E58B06-1B0F-4283-8486-7886944C89A0}.Debug|TwinCAT RT (x86).ActiveCfg = Debug|TwinCAT RT (x86)
		{B0E58B06-1B0F-4283-8486-7886944C89A0}.Debug|TwinCAT RT (x86).Build.0 = Debug|TwinCAT RT (x86)
		{B0E58B06-1B0F-4283-8486-7886944C89A0}.Release|TwinCAT CE7 (ARMV7).ActiveCfg = Release|TwinCAT CE7 (ARMV7)
		{B0E58B06-1B0F-4283-8486-7886944C89A0}.Release|TwinCAT CE7 (ARMV7).Build.0 = Release|TwinCAT CE7 (ARMV7)
		{B0E58B06-1B0F-4283-8486-7886944C89A0}.Release|TwinCAT OS (ARMT2).ActiveCfg = Release|TwinCAT OS (ARMT2)
		{B0E58B06-1B0F-4283-8486-7886944C89A0}.Release|TwinCAT OS (ARMT2).Build.0 = Release|TwinCAT OS (ARMT2)
		{B0E58B06-1B0F-4283-8486-7886944C89A0}.Release|TwinCAT RT (x64).ActiveCfg = Release|TwinCAT RT (x64)
		{B0E58B06-1B0F-4283-8486-7886944C89A0}.Release|TwinCAT RT (x64).Build.0 = Release|TwinCAT RT (x64)
		{B0E58B06-1B0F-4283-8486-7886944C89A0}.Release|TwinCAT RT (x86).ActiveCfg = Release|TwinCAT RT (x86)
		{B0E58B06-1B0F-4283-8486-7886944C89A0}.Release|TwinCAT RT (x86).Build.0 = Release|TwinCAT RT (x86)
		{7C5F3048-E54C-486B-88B4-53750162EEF6}.Debug|TwinCAT CE7 (ARMV7).ActiveCfg = Debug|TwinCAT CE7 (ARMV7)
		{7C5F3048-E54C-486B-88B4-53750162EEF6}.Debug|TwinCAT OS (ARMT2).ActiveCfg = Debug|TwinCAT OS (ARMT2)
		{7C5F3048-E54C-486B-88B4-53750162EEF6}.Debug|TwinCAT RT (x64).ActiveCfg = Debug|TwinCAT RT (x64)
		{7C5F3048-E54C-486B-88B4-53750162EEF6}.Debug|TwinCAT RT (x86).ActiveCfg = Debug|TwinCAT RT (x86)
		{7C5F3048-E54C-486B-88B4-53750162EEF6}.Release|TwinCAT CE7 (ARMV7).ActiveCfg = Release|TwinCAT CE7 (ARMV7)
		{7C5F3048-E54C-486B-88B4-53750162EEF6}.Release|TwinCAT OS (ARMT2).ActiveCfg = Release|TwinCAT OS (ARMT2)
		{7C5F3048-E54C-486B-88B4-53750162EEF6}.Release|TwinCAT RT (x64).ActiveCfg = Release|TwinCAT RT (x64)
		{7C5F3048-E54C-486B-88B4-53750162EEF6}.Release|TwinCAT RT (x86).ActiveCfg = Release|TwinCAT RT (x86)
		{17492CF0-B08D-49E6-8DBD-9ED14953D721}.Debug|TwinCAT CE7 (ARMV7).ActiveCfg = Debug|TwinCAT CE7 (ARMV7)
		{17492CF0-B08D-49E6-8DBD-9ED14953D721}.Debug|TwinCAT CE7 (ARMV7).Build.0 = Debug|TwinCAT CE7 (ARMV7)
		{17492CF0-B08D-49E6-8DBD-9ED14953D721}.Debug|TwinCAT OS (ARMT2).ActiveCfg = Debug|TwinCAT OS (ARMT2)
		{17492CF0-B08D-49E6-8DBD-9ED14953D721}.Debug|TwinCAT OS (ARMT2).Build.0 = Debug|TwinCAT OS (ARMT2)
		{17492CF0-B08D-49E6-8DBD-9ED14953D721}.Debug|TwinCAT RT (x64).ActiveCfg = Debug|TwinCAT RT (x64)
		{17492CF0-B08D-49E6-8DBD-9ED14953D721}.Debug|TwinCAT RT (x64).Build.0 = Debug|TwinCAT RT (x64)
		{17492CF0-B08D-49E6-8DBD-9ED14953D721}.Debug|TwinCAT RT (x86).ActiveCfg = Debug|TwinCAT RT (x86)
		{17492CF0-B08D-49E6-8DBD-9ED14953D721}.Debug|TwinCAT RT (x86).Build.0 = Debug|TwinCAT RT (x86)
		{17492CF0-B08D-49E6-8DBD-9ED14953D721}.Release|TwinCAT CE7 (ARMV7).ActiveCfg = Release|TwinCAT CE7 (ARMV7)
		{17492CF0-B08D-49E6-8DBD-9ED14953D721}.Release|TwinCAT CE7 (ARMV7).Build.0 = Release|TwinCAT CE7 (ARMV7)
		{17492CF0-B08D-49E6-8DBD-9ED14953D721}.Release|TwinCAT OS (ARMT2).ActiveCfg = Release|TwinCAT OS (ARMT2)
		{17492CF0-B08D-49E6-8DBD-9ED14953D721}.Release|TwinCAT OS (ARMT2).Build.0 = Release|TwinCAT OS (ARMT2)
		{17492CF0-B08D-49E6-8DBD-9ED14953D721}.Release|TwinCAT RT (x64).ActiveCfg = Release|TwinCAT RT (x64)
		{17492CF0-B08D-49E6-8DBD-9ED14953D721}.Release|TwinCAT RT (x64).Build.0 = Release|TwinCAT RT (x64)
		{17492CF0-B08D-49E6-8DBD-9ED14953D721}.Release|TwinCAT RT (x86).ActiveCfg = Release|TwinCAT RT (x86)
		{17492CF0-B08D-49E6-8DBD-9ED14953D721}.Release|TwinCAT RT (x86).Build.0 = Release|TwinCAT RT (x86)
		{A81AA591-ED6D-4258-9508-024E958901BD}.Debug|TwinCAT CE7 (ARMV7).ActiveCfg = Debug|TwinCAT CE7 (ARMV7)
		{A81AA591-ED6D-4258-9508-024E958901BD}.Debug|TwinCAT CE7 (ARMV7).Build.0 = Debug|TwinCAT CE7 (ARMV7)
		{A81AA591-ED6D-4258-9508-024E958901BD}.Debug|TwinCAT OS (ARMT2).ActiveCfg = Debug|TwinCAT OS (ARMT2)
		{A81AA591-ED6D-4258-9508-024E958901BD}.Debug|TwinCAT OS (ARMT2).Build.0 = Debug|TwinCAT OS (ARMT2)
		{A81AA591-ED6D-4258-9508-024E958901BD}.Debug|TwinCAT RT (x64).ActiveCfg = Debug|TwinCAT RT (x64)
		{A81AA591-ED6D-4258-9508-024E958901BD}.Debug|TwinCAT RT (x64).Build.0 = Debug|TwinCAT RT (x64)
		{A81AA591-ED6D-4258-9508-024E958901BD}.Debug|TwinCAT RT (x86).ActiveCfg = Debug|TwinCAT RT (x86)
		{A81AA591-ED6D-4258-9508-024E958901BD}.Debug|TwinCAT RT (x86).Build.0 = Debug|TwinCAT RT (x86)
		{A81AA591-ED6D-4258-9508-024E958901BD}.Release|TwinCAT CE7 (ARMV7).ActiveCfg = Release|TwinCAT CE7 (ARMV7)
		{A81AA591-ED6D-4258-9508-024E958901BD}.Release|TwinCAT CE7 (ARMV7).Build.0 = Release|TwinCAT CE7 (ARMV7)
		{A81AA591-ED6D-4258-9508-024E958901BD}.Release|TwinCAT OS (ARMT2).ActiveCfg = Release|TwinCAT OS (ARMT2)
		{A81AA591-ED6D-4258-9508-024E958901BD}.Release|TwinCAT OS (ARMT2).Build.0 = Release|TwinCAT OS (ARMT2)
		{A81AA591-ED6D-4258-9508-024E958901BD}.Release|TwinCAT RT (x64).ActiveCfg = Release|TwinCAT RT (x64)
		{A81AA591-ED6D-4258-9508-024E958901BD}.Release|TwinCAT RT (x64).Build.0 = Release|TwinCAT RT (x64)
		{A81AA591-ED6D-4258-9508-024E958901BD}.Release|TwinCAT RT (x86).ActiveCfg = Release|TwinCAT RT (x86)
		{A81AA591-ED6D-4258-9508-024E958901BD}.Release|TwinCAT RT (x86).Build.0 = Release|TwinCAT RT (x86)
		{254A5EDA-B58C-45D0-857E-EE9CDE988E44}.Debug|TwinCAT CE7 (ARMV7).ActiveCfg = Debug|TwinCAT CE7 (ARMV7)
		{254A5EDA-B58C-45D0-857E-EE9CDE988E44}.Debug|TwinCAT CE7 (ARMV7).Build.0 = Debug|TwinCAT CE7 (ARMV7)
		{254A5EDA-B58C-45D0-857E-EE9CDE988E44}.Debug|TwinCAT OS (ARMT2).ActiveCfg = Debug|TwinCAT OS (ARMT2)
		{254A5EDA-B58C-45D0-857E-EE9CDE988E44}.Debug|TwinCAT OS (ARMT2).Build.0 = Debug|TwinCAT OS (ARMT2)
		{254A5EDA-B58C-45D0-857E-EE9CDE988E44}.Debug|TwinCAT RT (x64).ActiveCfg = Debug|TwinCAT RT (x64)
		{254A5EDA-B58C-45D0-857E-EE9CDE988E44}.Debug|TwinCAT RT (x64).Build.0 = Debug|TwinCAT RT (x64)
		{254A5EDA-B58C-45D0-857E-EE9CDE988E44}.Debug|TwinCAT RT (x86).ActiveCfg = Debug|TwinCAT RT (x86)
		{254A5EDA-B58C-45D0-857E-EE9CDE988E44}.Debug|TwinCAT RT (x86).Build.0 = Debug|TwinCAT RT (x86)
		{254A5EDA-B58C-45D0-857E-EE9CDE988E44}.Release|TwinCAT CE7 (ARMV7).ActiveCfg = Release|TwinCAT CE7 (ARMV7)
		{254A5EDA-B58C-45D0-857E-EE9CDE988E44}.Release|TwinCAT CE7 (ARMV7).Build.0 = Release|TwinCAT CE7 (ARMV7)
		{254A5EDA-B58C-45D0-857E-EE9CDE988E44}.Release|TwinCAT OS (ARMT2).ActiveCfg = Release|TwinCAT OS (ARMT2)
		{254A5EDA-B58C-45D0-857E-EE9CDE988E44}.Release|TwinCAT OS (ARMT2).Build.0 = Release|TwinCAT OS (ARMT2)
		{254A5EDA-B58C-45D0-857E-EE9CDE988E44}.Release|TwinCAT RT (x64).ActiveCfg = Release|TwinCAT RT (x64)
		{254A5EDA-B58C-45D0-857E-EE9CDE988E44}.Release|TwinCAT RT (x64).Build.0 = Release|TwinCAT RT (x64)
		{254A5EDA-B58C-45D0-857E-EE9CDE988E44}.Release|TwinCAT RT (x86).ActiveCfg = Release|TwinCAT RT (x86)
		{254A5EDA-B58C-45D0-857E-EE9CDE988E44}.Release|TwinCAT RT (x86).Build.0 = Release|TwinCAT RT (x86)
	EndGlobalSection
	GlobalSection(SolutionProperties) = preSolution
		HideSolutionNode = FALSE
	EndGlobalSection
	GlobalSection(ExtensibilityGlobals) = postSolution
		SolutionGuid = {DEC8972B-138C-4C28-9637-FEB4D8783FA9}
	EndGlobalSection
EndGlobal
